
Microsoft Visual Studio Solution File, Format Version 12.00
# Visual Studio Version 16
VisualStudioVersion = 16.0.29728.190
MinimumVisualStudioVersion = 10.0.40219.1
Project("{2150E333-8FDC-42A3-9474-1A3956D46DE8}") = "1-Presentation.Layer", "1-Presentation.Layer", "{ADA9E2B6-65DB-4F0C-9786-6737E23FAD2C}"
EndProject
Project("{2150E333-8FDC-42A3-9474-1A3956D46DE8}") = "2-Application.Layer", "2-Application.Layer", "{0D5688E6-E80D-43D1-A841-3A5CA35554A3}"
EndProject
Project("{2150E333-8FDC-42A3-9474-1A3956D46DE8}") = "3-Domain.Layer", "3-Domain.Layer", "{84E77C7B-881C-467F-8B0C-8CBCBB1CF41A}"
EndProject
Project("{2150E333-8FDC-42A3-9474-1A3956D46DE8}") = "4-Infrastructure.Layer", "4-Infrastructure.Layer", "{BFDB809B-2F77-4D0D-BD10-768F70CF91EA}"
EndProject
Project("{FAE04EC0-301F-11D3-BF4B-00C04F79EFBC}") = "ControleDeAgendamento.API", "ControleDeAgendamento.API\ControleDeAgendamento.API.csproj", "{0C7258E9-AF32-4478-ACD9-0AABA8A47FCB}"
EndProject
Project("{FAE04EC0-301F-11D3-BF4B-00C04F79EFBC}") = "ControleDeAgendamento.Repository", "ControleDeAgendamento.Repository\ControleDeAgendamento.Repository.csproj", "{461B1763-29CC-451A-93F4-90E177D2DB9F}"
EndProject
Project("{FAE04EC0-301F-11D3-BF4B-00C04F79EFBC}") = "ControleDeAgendamento.Domain", "ControleDeAgendamento.Domain\ControleDeAgendamento.Domain.csproj", "{E5A0B31B-5DE8-485F-BD51-B467F9C4594E}"
EndProject
Project("{FAE04EC0-301F-11D3-BF4B-00C04F79EFBC}") = "ControleDeAgendamento.Repository.CrossCutting", "ControleDeAgendamento.Repository.CrossCutting\ControleDeAgendamento.Repository.CrossCutting.csproj", "{0D644626-93CC-4AB8-82FB-11C30590C2A5}"
EndProject
Project("{FAE04EC0-301F-11D3-BF4B-00C04F79EFBC}") = "ControleDeAgendamento.ApplicationService", "ControleDeAgendamento.ApplicationService\ControleDeAgendamento.ApplicationService.csproj", "{6DCD2F30-3A35-468A-B19D-16E7722BA0BB}"
EndProject
Global
	GlobalSection(SolutionConfigurationPlatforms) = preSolution
		Debug|Any CPU = Debug|Any CPU
		Release|Any CPU = Release|Any CPU
	EndGlobalSection
	GlobalSection(ProjectConfigurationPlatforms) = postSolution
		{0C7258E9-AF32-4478-ACD9-0AABA8A47FCB}.Debug|Any CPU.ActiveCfg = Debug|Any CPU
		{0C7258E9-AF32-4478-ACD9-0AABA8A47FCB}.Debug|Any CPU.Build.0 = Debug|Any CPU
		{0C7258E9-AF32-4478-ACD9-0AABA8A47FCB}.Release|Any CPU.ActiveCfg = Release|Any CPU
		{0C7258E9-AF32-4478-ACD9-0AABA8A47FCB}.Release|Any CPU.Build.0 = Release|Any CPU
		{461B1763-29CC-451A-93F4-90E177D2DB9F}.Debug|Any CPU.ActiveCfg = Debug|Any CPU
		{461B1763-29CC-451A-93F4-90E177D2DB9F}.Debug|Any CPU.Build.0 = Debug|Any CPU
		{461B1763-29CC-451A-93F4-90E177D2DB9F}.Release|Any CPU.ActiveCfg = Release|Any CPU
		{461B1763-29CC-451A-93F4-90E177D2DB9F}.Release|Any CPU.Build.0 = Release|Any CPU
		{E5A0B31B-5DE8-485F-BD51-B467F9C4594E}.Debug|Any CPU.ActiveCfg = Debug|Any CPU
		{E5A0B31B-5DE8-485F-BD51-B467F9C4594E}.Debug|Any CPU.Build.0 = Debug|Any CPU
		{E5A0B31B-5DE8-485F-BD51-B467F9C4594E}.Release|Any CPU.ActiveCfg = Release|Any CPU
		{E5A0B31B-5DE8-485F-BD51-B467F9C4594E}.Release|Any CPU.Build.0 = Release|Any CPU
		{0D644626-93CC-4AB8-82FB-11C30590C2A5}.Debug|Any CPU.ActiveCfg = Debug|Any CPU
		{0D644626-93CC-4AB8-82FB-11C30590C2A5}.Debug|Any CPU.Build.0 = Debug|Any CPU
		{0D644626-93CC-4AB8-82FB-11C30590C2A5}.Release|Any CPU.ActiveCfg = Release|Any CPU
		{0D644626-93CC-4AB8-82FB-11C30590C2A5}.Release|Any CPU.Build.0 = Release|Any CPU
		{6DCD2F30-3A35-468A-B19D-16E7722BA0BB}.Debug|Any CPU.ActiveCfg = Debug|Any CPU
		{6DCD2F30-3A35-468A-B19D-16E7722BA0BB}.Debug|Any CPU.Build.0 = Debug|Any CPU
		{6DCD2F30-3A35-468A-B19D-16E7722BA0BB}.Release|Any CPU.ActiveCfg = Release|Any CPU
		{6DCD2F30-3A35-468A-B19D-16E7722BA0BB}.Release|Any CPU.Build.0 = Release|Any CPU
	EndGlobalSection
	GlobalSection(SolutionProperties) = preSolution
		HideSolutionNode = FALSE
	EndGlobalSection
	GlobalSection(NestedProjects) = preSolution
		{0C7258E9-AF32-4478-ACD9-0AABA8A47FCB} = {ADA9E2B6-65DB-4F0C-9786-6737E23FAD2C}
		{461B1763-29CC-451A-93F4-90E177D2DB9F} = {BFDB809B-2F77-4D0D-BD10-768F70CF91EA}
		{E5A0B31B-5DE8-485F-BD51-B467F9C4594E} = {84E77C7B-881C-467F-8B0C-8CBCBB1CF41A}
		{0D644626-93CC-4AB8-82FB-11C30590C2A5} = {BFDB809B-2F77-4D0D-BD10-768F70CF91EA}
		{6DCD2F30-3A35-468A-B19D-16E7722BA0BB} = {0D5688E6-E80D-43D1-A841-3A5CA35554A3}
	EndGlobalSection
	GlobalSection(ExtensibilityGlobals) = postSolution
		SolutionGuid = {726B5715-7E50-4126-B8DF-60DD61D26E3E}
	EndGlobalSection
EndGlobal
